
Microsoft Visual Studio Solution File, Format Version 12.00
# Visual Studio 15
VisualStudioVersion = 15.0.28307.329
MinimumVisualStudioVersion = 10.0.40219.1
Project("{FAE04EC0-301F-11D3-BF4B-00C04F79EFBC}") = "SistemaComercioWeb", "SistemaComercioWeb\SistemaComercioWeb.csproj", "{E0DDB13F-86CC-4DC1-9618-95A46E2CAC40}"
EndProject
Project("{FAE04EC0-301F-11D3-BF4B-00C04F79EFBC}") = "CamadaClasses", "D:\Cursos\Udemy\Desenvolvimento de Sistemas com C-Sharp\SysComercio\CamadaClasses\CamadaClasses.csproj", "{DA8AE0AB-EC40-4C77-A8AD-1985AEA50EC6}"
EndProject
Global
	GlobalSection(SolutionConfigurationPlatforms) = preSolution
		Debug|Any CPU = Debug|Any CPU
		Release|Any CPU = Release|Any CPU
	EndGlobalSection
	GlobalSection(ProjectConfigurationPlatforms) = postSolution
		{E0DDB13F-86CC-4DC1-9618-95A46E2CAC40}.Debug|Any CPU.ActiveCfg = Debug|Any CPU
		{E0DDB13F-86CC-4DC1-9618-95A46E2CAC40}.Debug|Any CPU.Build.0 = Debug|Any CPU
		{E0DDB13F-86CC-4DC1-9618-95A46E2CAC40}.Release|Any CPU.ActiveCfg = Release|Any CPU
		{E0DDB13F-86CC-4DC1-9618-95A46E2CAC40}.Release|Any CPU.Build.0 = Release|Any CPU
		{DA8AE0AB-EC40-4C77-A8AD-1985AEA50EC6}.Debug|Any CPU.ActiveCfg = Debug|Any CPU
		{DA8AE0AB-EC40-4C77-A8AD-1985AEA50EC6}.Debug|Any CPU.Build.0 = Debug|Any CPU
		{DA8AE0AB-EC40-4C77-A8AD-1985AEA50EC6}.Release|Any CPU.ActiveCfg = Release|Any CPU
		{DA8AE0AB-EC40-4C77-A8AD-1985AEA50EC6}.Release|Any CPU.Build.0 = Release|Any CPU
	EndGlobalSection
	GlobalSection(SolutionProperties) = preSolution
		HideSolutionNode = FALSE
	EndGlobalSection
	GlobalSection(ExtensibilityGlobals) = postSolution
		SolutionGuid = {DBB0FEBF-3881-4909-A3C0-AA4D44C4A4A0}
	EndGlobalSection
EndGlobal
